
Microsoft Visual Studio Solution File, Format Version 12.00
# Visual Studio 15
VisualStudioVersion = 15.0.27703.2000
MinimumVisualStudioVersion = 10.0.40219.1
Project("{9A19103F-16F7-4668-BE54-9A1E7A4F7556}") = "HelloWorldConsole", "HelloWorld\HelloWorldConsole.csproj", "{5A63AF8F-65C6-4767-93A6-B24B2A6EE6D8}"
EndProject
Project("{9A19103F-16F7-4668-BE54-9A1E7A4F7556}") = "HelloWorldAPI", "HelloWorldAPI\HelloWorldAPI.csproj", "{907F717C-276A-4EF2-8ECE-5D07D979CCF4}"
EndProject
Project("{FAE04EC0-301F-11D3-BF4B-00C04F79EFBC}") = "HelloWorldAPI.Tests", "HelloWorldAPI.Tests\HelloWorldAPI.Tests.csproj", "{AFBB2087-4754-4CE9-AACD-22A1E9DAFFB8}"
EndProject
Global
	GlobalSection(SolutionConfigurationPlatforms) = preSolution
		Debug|Any CPU = Debug|Any CPU
		Release|Any CPU = Release|Any CPU
	EndGlobalSection
	GlobalSection(ProjectConfigurationPlatforms) = postSolution
		{5A63AF8F-65C6-4767-93A6-B24B2A6EE6D8}.Debug|Any CPU.ActiveCfg = Debug|Any CPU
		{5A63AF8F-65C6-4767-93A6-B24B2A6EE6D8}.Debug|Any CPU.Build.0 = Debug|Any CPU
		{5A63AF8F-65C6-4767-93A6-B24B2A6EE6D8}.Release|Any CPU.ActiveCfg = Release|Any CPU
		{5A63AF8F-65C6-4767-93A6-B24B2A6EE6D8}.Release|Any CPU.Build.0 = Release|Any CPU
		{907F717C-276A-4EF2-8ECE-5D07D979CCF4}.Debug|Any CPU.ActiveCfg = Debug|Any CPU
		{907F717C-276A-4EF2-8ECE-5D07D979CCF4}.Debug|Any CPU.Build.0 = Debug|Any CPU
		{907F717C-276A-4EF2-8ECE-5D07D979CCF4}.Release|Any CPU.ActiveCfg = Release|Any CPU
		{907F717C-276A-4EF2-8ECE-5D07D979CCF4}.Release|Any CPU.Build.0 = Release|Any CPU
		{AFBB2087-4754-4CE9-AACD-22A1E9DAFFB8}.Debug|Any CPU.ActiveCfg = Debug|Any CPU
		{AFBB2087-4754-4CE9-AACD-22A1E9DAFFB8}.Debug|Any CPU.Build.0 = Debug|Any CPU
		{AFBB2087-4754-4CE9-AACD-22A1E9DAFFB8}.Release|Any CPU.ActiveCfg = Release|Any CPU
		{AFBB2087-4754-4CE9-AACD-22A1E9DAFFB8}.Release|Any CPU.Build.0 = Release|Any CPU
	EndGlobalSection
	GlobalSection(SolutionProperties) = preSolution
		HideSolutionNode = FALSE
	EndGlobalSection
	GlobalSection(ExtensibilityGlobals) = postSolution
		SolutionGuid = {43A803C0-6A5F-41B2-894B-52483F481B7E}
	EndGlobalSection
EndGlobal
